
Microsoft Visual Studio Solution File, Format Version 12.00
# Visual Studio 15
Project("{FAE04EC0-301F-11D3-BF4B-00C04F79EFBC}") = "SQLProyecto02.Android", "SQLProyecto02.Android\SQLProyecto02.Android.csproj", "{92D29C57-76D0-481C-B35F-D234FD4BF684}"
EndProject
Project("{FAE04EC0-301F-11D3-BF4B-00C04F79EFBC}") = "SQLProyecto02.iOS", "SQLProyecto02.iOS\SQLProyecto02.iOS.csproj", "{6A97A58E-3103-4119-BA39-7DF981919257}"
EndProject
Project("{FAE04EC0-301F-11D3-BF4B-00C04F79EFBC}") = "SQLProyecto02", "SQLProyecto02\SQLProyecto02.csproj", "{945F5C00-1F94-4B7D-BC85-EADC273CEE43}"
EndProject
Global
	GlobalSection(SolutionConfigurationPlatforms) = preSolution
		Debug|Any CPU = Debug|Any CPU
		Release|Any CPU = Release|Any CPU
		Debug|iPhoneSimulator = Debug|iPhoneSimulator
		Release|iPhoneSimulator = Release|iPhoneSimulator
		Debug|iPhone = Debug|iPhone
		Release|iPhone = Release|iPhone
	EndGlobalSection
	GlobalSection(ProjectConfigurationPlatforms) = postSolution
		{92D29C57-76D0-481C-B35F-D234FD4BF684}.Debug|Any CPU.ActiveCfg = Debug|Any CPU
		{92D29C57-76D0-481C-B35F-D234FD4BF684}.Debug|Any CPU.Build.0 = Debug|Any CPU
		{92D29C57-76D0-481C-B35F-D234FD4BF684}.Release|Any CPU.ActiveCfg = Release|Any CPU
		{92D29C57-76D0-481C-B35F-D234FD4BF684}.Release|Any CPU.Build.0 = Release|Any CPU
		{92D29C57-76D0-481C-B35F-D234FD4BF684}.Debug|iPhoneSimulator.ActiveCfg = Debug|Any CPU
		{92D29C57-76D0-481C-B35F-D234FD4BF684}.Debug|iPhoneSimulator.Build.0 = Debug|Any CPU
		{92D29C57-76D0-481C-B35F-D234FD4BF684}.Release|iPhoneSimulator.ActiveCfg = Release|Any CPU
		{92D29C57-76D0-481C-B35F-D234FD4BF684}.Release|iPhoneSimulator.Build.0 = Release|Any CPU
		{92D29C57-76D0-481C-B35F-D234FD4BF684}.Debug|iPhone.ActiveCfg = Debug|Any CPU
		{92D29C57-76D0-481C-B35F-D234FD4BF684}.Debug|iPhone.Build.0 = Debug|Any CPU
		{92D29C57-76D0-481C-B35F-D234FD4BF684}.Release|iPhone.ActiveCfg = Release|Any CPU
		{92D29C57-76D0-481C-B35F-D234FD4BF684}.Release|iPhone.Build.0 = Release|Any CPU
		{6A97A58E-3103-4119-BA39-7DF981919257}.Debug|Any CPU.ActiveCfg = Debug|iPhoneSimulator
		{6A97A58E-3103-4119-BA39-7DF981919257}.Debug|Any CPU.Build.0 = Debug|iPhoneSimulator
		{6A97A58E-3103-4119-BA39-7DF981919257}.Release|Any CPU.ActiveCfg = Release|iPhoneSimulator
		{6A97A58E-3103-4119-BA39-7DF981919257}.Release|Any CPU.Build.0 = Release|iPhoneSimulator
		{6A97A58E-3103-4119-BA39-7DF981919257}.Debug|iPhoneSimulator.ActiveCfg = Debug|iPhoneSimulator
		{6A97A58E-3103-4119-BA39-7DF981919257}.Debug|iPhoneSimulator.Build.0 = Debug|iPhoneSimulator
		{6A97A58E-3103-4119-BA39-7DF981919257}.Release|iPhoneSimulator.ActiveCfg = Release|iPhoneSimulator
		{6A97A58E-3103-4119-BA39-7DF981919257}.Release|iPhoneSimulator.Build.0 = Release|iPhoneSimulator
		{6A97A58E-3103-4119-BA39-7DF981919257}.Debug|iPhone.ActiveCfg = Debug|iPhone
		{6A97A58E-3103-4119-BA39-7DF981919257}.Debug|iPhone.Build.0 = Debug|iPhone
		{6A97A58E-3103-4119-BA39-7DF981919257}.Release|iPhone.ActiveCfg = Release|iPhone
		{6A97A58E-3103-4119-BA39-7DF981919257}.Release|iPhone.Build.0 = Release|iPhone
		{945F5C00-1F94-4B7D-BC85-EADC273CEE43}.Debug|Any CPU.ActiveCfg = Debug|Any CPU
		{945F5C00-1F94-4B7D-BC85-EADC273CEE43}.Debug|Any CPU.Build.0 = Debug|Any CPU
		{945F5C00-1F94-4B7D-BC85-EADC273CEE43}.Release|Any CPU.ActiveCfg = Release|Any CPU
		{945F5C00-1F94-4B7D-BC85-EADC273CEE43}.Release|Any CPU.Build.0 = Release|Any CPU
		{945F5C00-1F94-4B7D-BC85-EADC273CEE43}.Debug|iPhoneSimulator.ActiveCfg = Debug|Any CPU
		{945F5C00-1F94-4B7D-BC85-EADC273CEE43}.Debug|iPhoneSimulator.Build.0 = Debug|Any CPU
		{945F5C00-1F94-4B7D-BC85-EADC273CEE43}.Release|iPhoneSimulator.ActiveCfg = Release|Any CPU
		{945F5C00-1F94-4B7D-BC85-EADC273CEE43}.Release|iPhoneSimulator.Build.0 = Release|Any CPU
		{945F5C00-1F94-4B7D-BC85-EADC273CEE43}.Debug|iPhone.ActiveCfg = Debug|Any CPU
		{945F5C00-1F94-4B7D-BC85-EADC273CEE43}.Debug|iPhone.Build.0 = Debug|Any CPU
		{945F5C00-1F94-4B7D-BC85-EADC273CEE43}.Release|iPhone.ActiveCfg = Release|Any CPU
		{945F5C00-1F94-4B7D-BC85-EADC273CEE43}.Release|iPhone.Build.0 = Release|Any CPU
	EndGlobalSection
EndGlobal
